
Microsoft Visual Studio Solution File, Format Version 12.00
# Visual Studio Version 17
VisualStudioVersion = 17.6.33829.357
MinimumVisualStudioVersion = 10.0.40219.1
Project("{2150E333-8FDC-42A3-9474-1A3956D46DE8}") = "src", "src", "{B4181390-B440-4684-A9C5-C288C94A5F92}"
EndProject
Project("{2150E333-8FDC-42A3-9474-1A3956D46DE8}") = "FarmacyService", "FarmacyService", "{BE5E93E4-378F-4D60-B871-C2607EE00651}"
EndProject
Project("{9A19103F-16F7-4668-BE54-9A1E7A4F7556}") = "FarmacyAPI", "FarmacyAPI\FarmacyAPI.csproj", "{94760162-F2FB-4039-8701-A3C498964FA4}"
EndProject
Project("{2150E333-8FDC-42A3-9474-1A3956D46DE8}") = "FoodService", "FoodService", "{B07C4FCC-50C6-4C69-B1E3-1C655F45CFCB}"
EndProject
Project("{9A19103F-16F7-4668-BE54-9A1E7A4F7556}") = "FoodAPI", "FoodAPI\FoodAPI.csproj", "{59F9D579-25EA-43E9-8009-C09401953018}"
EndProject
Project("{2150E333-8FDC-42A3-9474-1A3956D46DE8}") = "TechniquesService", "TechniquesService", "{115A1DA9-CFB7-4E9B-AE4E-84BC0E411987}"
EndProject
Project("{9A19103F-16F7-4668-BE54-9A1E7A4F7556}") = "TechniquesAPI", "TechniquesAPI\TechniquesAPI.csproj", "{BACFBB9C-5ED9-4093-8742-62A4E3196866}"
EndProject
Project("{2150E333-8FDC-42A3-9474-1A3956D46DE8}") = "BuildingMaterailsService", "BuildingMaterailsService", "{A2666DE3-A09B-40B4-AC1D-91794034FECE}"
EndProject
Project("{9A19103F-16F7-4668-BE54-9A1E7A4F7556}") = "BuildingMaterilals.Web", "BuildingMaterilalsAPI\BuildingMaterilals.Web.csproj", "{266D8BC1-A059-49BE-9CC5-F7D7B51EF36D}"
EndProject
Project("{2150E333-8FDC-42A3-9474-1A3956D46DE8}") = "APIGateway", "APIGateway", "{E43E22AA-21B4-4151-B8D3-63D076B81740}"
EndProject
Project("{9A19103F-16F7-4668-BE54-9A1E7A4F7556}") = "GatewayAPI", "GatewayAPI\GatewayAPI.csproj", "{753B212D-DABA-47A0-AE8A-859365832543}"
EndProject
Project("{9A19103F-16F7-4668-BE54-9A1E7A4F7556}") = "BuildingMaterials.Domain", "BuildingMaterials.Domain\BuildingMaterials.Domain.csproj", "{53AA9701-D78D-4490-BDAC-CE64BEAE1691}"
EndProject
Project("{9A19103F-16F7-4668-BE54-9A1E7A4F7556}") = "BuildingMaterials.Application", "BuidingMaterials.DataAccess\BuildingMaterials.Application.csproj", "{335B7601-8BFF-4B3E-9451-205D04D73DB9}"
EndProject
Project("{9A19103F-16F7-4668-BE54-9A1E7A4F7556}") = "BuildingMaterials.Infrastructure", "BuidingMaterials.Infrastructure\BuildingMaterials.Infrastructure.csproj", "{CBA0CD87-6706-4A5C-9917-0E198556E868}"
EndProject
Project("{9A19103F-16F7-4668-BE54-9A1E7A4F7556}") = "Farmacy.Domain", "Farmacy.Domain\Farmacy.Domain.csproj", "{D5DAB7B9-D3F0-4B7E-88BF-7CCE083839F7}"
EndProject
Project("{9A19103F-16F7-4668-BE54-9A1E7A4F7556}") = "Farmacy.DataAccess", "Farmacy.DataAccess\Farmacy.DataAccess.csproj", "{0FDFB5B1-1B3B-4420-8FC5-0D016D9DED84}"
EndProject
Project("{9A19103F-16F7-4668-BE54-9A1E7A4F7556}") = "Farmacy.Infrastructure", "Farmacy.Infrastructure\Farmacy.Infrastructure.csproj", "{684A3924-B96B-4B0D-9DB4-F7B3FC513623}"
EndProject
Project("{9A19103F-16F7-4668-BE54-9A1E7A4F7556}") = "Food.DataAccess", "Food.DataAccess\Food.DataAccess.csproj", "{097C26F5-8AB0-489C-B2E8-589BF76CD711}"
EndProject
Project("{9A19103F-16F7-4668-BE54-9A1E7A4F7556}") = "Food.Domain", "Food.Domain\Food.Domain.csproj", "{25466C4A-5406-4252-9551-F764AED6ACC3}"
EndProject
Project("{9A19103F-16F7-4668-BE54-9A1E7A4F7556}") = "Food.Infrastructure", "Food.Infrastructure\Food.Infrastructure.csproj", "{A0BE689C-6151-446E-83AE-1C2EEAAED1D5}"
EndProject
Project("{9A19103F-16F7-4668-BE54-9A1E7A4F7556}") = "Techniques.Domain", "Techniques.Domain\Techniques.Domain.csproj", "{4461F3B3-B428-4EC0-AC96-2081EBD51A39}"
EndProject
Project("{9A19103F-16F7-4668-BE54-9A1E7A4F7556}") = "Techniques.DataAccess", "Techniques.DataAccess\Techniques.DataAccess.csproj", "{CF3848F0-B92D-4A38-A1D9-002396FD1EA8}"
EndProject
Project("{9A19103F-16F7-4668-BE54-9A1E7A4F7556}") = "Techniques.Infrastructure", "Techniques.Infrastructure\Techniques.Infrastructure.csproj", "{6020227E-BB2E-4F77-A104-401E1A9F707A}"
EndProject
Global
	GlobalSection(SolutionConfigurationPlatforms) = preSolution
		Debug|Any CPU = Debug|Any CPU
		Release|Any CPU = Release|Any CPU
	EndGlobalSection
	GlobalSection(ProjectConfigurationPlatforms) = postSolution
		{94760162-F2FB-4039-8701-A3C498964FA4}.Debug|Any CPU.ActiveCfg = Debug|Any CPU
		{94760162-F2FB-4039-8701-A3C498964FA4}.Debug|Any CPU.Build.0 = Debug|Any CPU
		{94760162-F2FB-4039-8701-A3C498964FA4}.Release|Any CPU.ActiveCfg = Release|Any CPU
		{94760162-F2FB-4039-8701-A3C498964FA4}.Release|Any CPU.Build.0 = Release|Any CPU
		{59F9D579-25EA-43E9-8009-C09401953018}.Debug|Any CPU.ActiveCfg = Debug|Any CPU
		{59F9D579-25EA-43E9-8009-C09401953018}.Debug|Any CPU.Build.0 = Debug|Any CPU
		{59F9D579-25EA-43E9-8009-C09401953018}.Release|Any CPU.ActiveCfg = Release|Any CPU
		{59F9D579-25EA-43E9-8009-C09401953018}.Release|Any CPU.Build.0 = Release|Any CPU
		{BACFBB9C-5ED9-4093-8742-62A4E3196866}.Debug|Any CPU.ActiveCfg = Debug|Any CPU
		{BACFBB9C-5ED9-4093-8742-62A4E3196866}.Debug|Any CPU.Build.0 = Debug|Any CPU
		{BACFBB9C-5ED9-4093-8742-62A4E3196866}.Release|Any CPU.ActiveCfg = Release|Any CPU
		{BACFBB9C-5ED9-4093-8742-62A4E3196866}.Release|Any CPU.Build.0 = Release|Any CPU
		{266D8BC1-A059-49BE-9CC5-F7D7B51EF36D}.Debug|Any CPU.ActiveCfg = Debug|Any CPU
		{266D8BC1-A059-49BE-9CC5-F7D7B51EF36D}.Debug|Any CPU.Build.0 = Debug|Any CPU
		{266D8BC1-A059-49BE-9CC5-F7D7B51EF36D}.Release|Any CPU.ActiveCfg = Release|Any CPU
		{266D8BC1-A059-49BE-9CC5-F7D7B51EF36D}.Release|Any CPU.Build.0 = Release|Any CPU
		{753B212D-DABA-47A0-AE8A-859365832543}.Debug|Any CPU.ActiveCfg = Debug|Any CPU
		{753B212D-DABA-47A0-AE8A-859365832543}.Debug|Any CPU.Build.0 = Debug|Any CPU
		{753B212D-DABA-47A0-AE8A-859365832543}.Release|Any CPU.ActiveCfg = Release|Any CPU
		{753B212D-DABA-47A0-AE8A-859365832543}.Release|Any CPU.Build.0 = Release|Any CPU
		{53AA9701-D78D-4490-BDAC-CE64BEAE1691}.Debug|Any CPU.ActiveCfg = Debug|Any CPU
		{53AA9701-D78D-4490-BDAC-CE64BEAE1691}.Debug|Any CPU.Build.0 = Debug|Any CPU
		{53AA9701-D78D-4490-BDAC-CE64BEAE1691}.Release|Any CPU.ActiveCfg = Release|Any CPU
		{53AA9701-D78D-4490-BDAC-CE64BEAE1691}.Release|Any CPU.Build.0 = Release|Any CPU
		{335B7601-8BFF-4B3E-9451-205D04D73DB9}.Debug|Any CPU.ActiveCfg = Debug|Any CPU
		{335B7601-8BFF-4B3E-9451-205D04D73DB9}.Debug|Any CPU.Build.0 = Debug|Any CPU
		{335B7601-8BFF-4B3E-9451-205D04D73DB9}.Release|Any CPU.ActiveCfg = Release|Any CPU
		{335B7601-8BFF-4B3E-9451-205D04D73DB9}.Release|Any CPU.Build.0 = Release|Any CPU
		{CBA0CD87-6706-4A5C-9917-0E198556E868}.Debug|Any CPU.ActiveCfg = Debug|Any CPU
		{CBA0CD87-6706-4A5C-9917-0E198556E868}.Debug|Any CPU.Build.0 = Debug|Any CPU
		{CBA0CD87-6706-4A5C-9917-0E198556E868}.Release|Any CPU.ActiveCfg = Release|Any CPU
		{CBA0CD87-6706-4A5C-9917-0E198556E868}.Release|Any CPU.Build.0 = Release|Any CPU
		{D5DAB7B9-D3F0-4B7E-88BF-7CCE083839F7}.Debug|Any CPU.ActiveCfg = Debug|Any CPU
		{D5DAB7B9-D3F0-4B7E-88BF-7CCE083839F7}.Debug|Any CPU.Build.0 = Debug|Any CPU
		{D5DAB7B9-D3F0-4B7E-88BF-7CCE083839F7}.Release|Any CPU.ActiveCfg = Release|Any CPU
		{D5DAB7B9-D3F0-4B7E-88BF-7CCE083839F7}.Release|Any CPU.Build.0 = Release|Any CPU
		{0FDFB5B1-1B3B-4420-8FC5-0D016D9DED84}.Debug|Any CPU.ActiveCfg = Debug|Any CPU
		{0FDFB5B1-1B3B-4420-8FC5-0D016D9DED84}.Debug|Any CPU.Build.0 = Debug|Any CPU
		{0FDFB5B1-1B3B-4420-8FC5-0D016D9DED84}.Release|Any CPU.ActiveCfg = Release|Any CPU
		{0FDFB5B1-1B3B-4420-8FC5-0D016D9DED84}.Release|Any CPU.Build.0 = Release|Any CPU
		{684A3924-B96B-4B0D-9DB4-F7B3FC513623}.Debug|Any CPU.ActiveCfg = Debug|Any CPU
		{684A3924-B96B-4B0D-9DB4-F7B3FC513623}.Debug|Any CPU.Build.0 = Debug|Any CPU
		{684A3924-B96B-4B0D-9DB4-F7B3FC513623}.Release|Any CPU.ActiveCfg = Release|Any CPU
		{684A3924-B96B-4B0D-9DB4-F7B3FC513623}.Release|Any CPU.Build.0 = Release|Any CPU
		{097C26F5-8AB0-489C-B2E8-589BF76CD711}.Debug|Any CPU.ActiveCfg = Debug|Any CPU
		{097C26F5-8AB0-489C-B2E8-589BF76CD711}.Debug|Any CPU.Build.0 = Debug|Any CPU
		{097C26F5-8AB0-489C-B2E8-589BF76CD711}.Release|Any CPU.ActiveCfg = Release|Any CPU
		{097C26F5-8AB0-489C-B2E8-589BF76CD711}.Release|Any CPU.Build.0 = Release|Any CPU
		{25466C4A-5406-4252-9551-F764AED6ACC3}.Debug|Any CPU.ActiveCfg = Debug|Any CPU
		{25466C4A-5406-4252-9551-F764AED6ACC3}.Debug|Any CPU.Build.0 = Debug|Any CPU
		{25466C4A-5406-4252-9551-F764AED6ACC3}.Release|Any CPU.ActiveCfg = Release|Any CPU
		{25466C4A-5406-4252-9551-F764AED6ACC3}.Release|Any CPU.Build.0 = Release|Any CPU
		{A0BE689C-6151-446E-83AE-1C2EEAAED1D5}.Debug|Any CPU.ActiveCfg = Debug|Any CPU
		{A0BE689C-6151-446E-83AE-1C2EEAAED1D5}.Debug|Any CPU.Build.0 = Debug|Any CPU
		{A0BE689C-6151-446E-83AE-1C2EEAAED1D5}.Release|Any CPU.ActiveCfg = Release|Any CPU
		{A0BE689C-6151-446E-83AE-1C2EEAAED1D5}.Release|Any CPU.Build.0 = Release|Any CPU
		{4461F3B3-B428-4EC0-AC96-2081EBD51A39}.Debug|Any CPU.ActiveCfg = Debug|Any CPU
		{4461F3B3-B428-4EC0-AC96-2081EBD51A39}.Debug|Any CPU.Build.0 = Debug|Any CPU
		{4461F3B3-B428-4EC0-AC96-2081EBD51A39}.Release|Any CPU.ActiveCfg = Release|Any CPU
		{4461F3B3-B428-4EC0-AC96-2081EBD51A39}.Release|Any CPU.Build.0 = Release|Any CPU
		{CF3848F0-B92D-4A38-A1D9-002396FD1EA8}.Debug|Any CPU.ActiveCfg = Debug|Any CPU
		{CF3848F0-B92D-4A38-A1D9-002396FD1EA8}.Debug|Any CPU.Build.0 = Debug|Any CPU
		{CF3848F0-B92D-4A38-A1D9-002396FD1EA8}.Release|Any CPU.ActiveCfg = Release|Any CPU
		{CF3848F0-B92D-4A38-A1D9-002396FD1EA8}.Release|Any CPU.Build.0 = Release|Any CPU
		{6020227E-BB2E-4F77-A104-401E1A9F707A}.Debug|Any CPU.ActiveCfg = Debug|Any CPU
		{6020227E-BB2E-4F77-A104-401E1A9F707A}.Debug|Any CPU.Build.0 = Debug|Any CPU
		{6020227E-BB2E-4F77-A104-401E1A9F707A}.Release|Any CPU.ActiveCfg = Release|Any CPU
		{6020227E-BB2E-4F77-A104-401E1A9F707A}.Release|Any CPU.Build.0 = Release|Any CPU
	EndGlobalSection
	GlobalSection(SolutionProperties) = preSolution
		HideSolutionNode = FALSE
	EndGlobalSection
	GlobalSection(NestedProjects) = preSolution
		{BE5E93E4-378F-4D60-B871-C2607EE00651} = {B4181390-B440-4684-A9C5-C288C94A5F92}
		{94760162-F2FB-4039-8701-A3C498964FA4} = {BE5E93E4-378F-4D60-B871-C2607EE00651}
		{B07C4FCC-50C6-4C69-B1E3-1C655F45CFCB} = {B4181390-B440-4684-A9C5-C288C94A5F92}
		{59F9D579-25EA-43E9-8009-C09401953018} = {B07C4FCC-50C6-4C69-B1E3-1C655F45CFCB}
		{115A1DA9-CFB7-4E9B-AE4E-84BC0E411987} = {B4181390-B440-4684-A9C5-C288C94A5F92}
		{BACFBB9C-5ED9-4093-8742-62A4E3196866} = {115A1DA9-CFB7-4E9B-AE4E-84BC0E411987}
		{A2666DE3-A09B-40B4-AC1D-91794034FECE} = {B4181390-B440-4684-A9C5-C288C94A5F92}
		{266D8BC1-A059-49BE-9CC5-F7D7B51EF36D} = {A2666DE3-A09B-40B4-AC1D-91794034FECE}
		{E43E22AA-21B4-4151-B8D3-63D076B81740} = {B4181390-B440-4684-A9C5-C288C94A5F92}
		{753B212D-DABA-47A0-AE8A-859365832543} = {E43E22AA-21B4-4151-B8D3-63D076B81740}
		{53AA9701-D78D-4490-BDAC-CE64BEAE1691} = {A2666DE3-A09B-40B4-AC1D-91794034FECE}
		{335B7601-8BFF-4B3E-9451-205D04D73DB9} = {A2666DE3-A09B-40B4-AC1D-91794034FECE}
		{CBA0CD87-6706-4A5C-9917-0E198556E868} = {A2666DE3-A09B-40B4-AC1D-91794034FECE}
		{D5DAB7B9-D3F0-4B7E-88BF-7CCE083839F7} = {BE5E93E4-378F-4D60-B871-C2607EE00651}
		{0FDFB5B1-1B3B-4420-8FC5-0D016D9DED84} = {BE5E93E4-378F-4D60-B871-C2607EE00651}
		{684A3924-B96B-4B0D-9DB4-F7B3FC513623} = {BE5E93E4-378F-4D60-B871-C2607EE00651}
		{097C26F5-8AB0-489C-B2E8-589BF76CD711} = {B07C4FCC-50C6-4C69-B1E3-1C655F45CFCB}
		{25466C4A-5406-4252-9551-F764AED6ACC3} = {B07C4FCC-50C6-4C69-B1E3-1C655F45CFCB}
		{A0BE689C-6151-446E-83AE-1C2EEAAED1D5} = {B07C4FCC-50C6-4C69-B1E3-1C655F45CFCB}
		{4461F3B3-B428-4EC0-AC96-2081EBD51A39} = {115A1DA9-CFB7-4E9B-AE4E-84BC0E411987}
		{CF3848F0-B92D-4A38-A1D9-002396FD1EA8} = {115A1DA9-CFB7-4E9B-AE4E-84BC0E411987}
		{6020227E-BB2E-4F77-A104-401E1A9F707A} = {115A1DA9-CFB7-4E9B-AE4E-84BC0E411987}
	EndGlobalSection
	GlobalSection(ExtensibilityGlobals) = postSolution
		SolutionGuid = {37D1350E-9BD1-4844-A81D-5B6293D468CF}
	EndGlobalSection
EndGlobal
